
Microsoft Visual Studio Solution File, Format Version 12.00
# Visual Studio Version 16
VisualStudioVersion = 16.0.32106.194
MinimumVisualStudioVersion = 10.0.40219.1
Project("{FAE04EC0-301F-11D3-BF4B-00C04F79EFBC}") = "ZeeFSLDictionary", "ZeeFSLDictionary\ZeeFSLDictionary.csproj", "{A6F3BD59-2949-417B-95A6-08760BCE9B59}"
EndProject
Global
	GlobalSection(SolutionConfigurationPlatforms) = preSolution
		Debug|Any CPU = Debug|Any CPU
		Release|Any CPU = Release|Any CPU
	EndGlobalSection
	GlobalSection(ProjectConfigurationPlatforms) = postSolution
		{A6F3BD59-2949-417B-95A6-08760BCE9B59}.Debug|Any CPU.ActiveCfg = Debug|Any CPU
		{A6F3BD59-2949-417B-95A6-08760BCE9B59}.Debug|Any CPU.Build.0 = Debug|Any CPU
		{A6F3BD59-2949-417B-95A6-08760BCE9B59}.Release|Any CPU.ActiveCfg = Release|Any CPU
		{A6F3BD59-2949-417B-95A6-08760BCE9B59}.Release|Any CPU.Build.0 = Release|Any CPU
	EndGlobalSection
	GlobalSection(SolutionProperties) = preSolution
		HideSolutionNode = FALSE
	EndGlobalSection
	GlobalSection(ExtensibilityGlobals) = postSolution
		SolutionGuid = {5E1AA23B-C752-4FE3-A0DF-3DEF3BCF184B}
	EndGlobalSection
EndGlobal
